
Microsoft Visual Studio Solution File, Format Version 12.00
# Visual Studio 2015
Project("{FAE04EC0-301F-11D3-BF4B-00C04F79EFBC}") = "UnityProjectOneTestPerformance_1.CSharp", "UnityProjectOneTestPerformance_1.CSharp.csproj", "{F51E827A-144E-2EEF-775A-B64FC7AB6E9B}"
EndProject
Global
	GlobalSection(SolutionConfigurationPlatforms) = preSolution
		Debug|Any CPU = Debug|Any CPU
		Release|Any CPU = Release|Any CPU
	EndGlobalSection
	GlobalSection(ProjectConfigurationPlatforms) = postSolution
		{F51E827A-144E-2EEF-775A-B64FC7AB6E9B}.Debug|Any CPU.ActiveCfg = Debug|Any CPU
		{F51E827A-144E-2EEF-775A-B64FC7AB6E9B}.Debug|Any CPU.Build.0 = Debug|Any CPU
		{F51E827A-144E-2EEF-775A-B64FC7AB6E9B}.Release|Any CPU.ActiveCfg = Release|Any CPU
		{F51E827A-144E-2EEF-775A-B64FC7AB6E9B}.Release|Any CPU.Build.0 = Release|Any CPU
	EndGlobalSection
	GlobalSection(SolutionProperties) = preSolution
		HideSolutionNode = FALSE
	EndGlobalSection
EndGlobal
